// !$*UTF8*$!
{
	archiveVersion = 1;
	classes = {
	};
	objectVersion = 46;
	objects = {

/* Begin PBXBuildFile section */
		87E2E29119B53EF30009CEA1 /* AppDelegate.swift in Sources */ = {isa = PBXBuildFile; fileRef = 87E2E29019B53EF30009CEA1 /* AppDelegate.swift */; };
		87E2E29319B53EF30009CEA1 /* Images.xcassets in Resources */ = {isa = PBXBuildFile; fileRef = 87E2E29219B53EF30009CEA1 /* Images.xcassets */; };
		87E2E29F19B53EF30009CEA1 /* iBoardContainerTests.swift in Sources */ = {isa = PBXBuildFile; fileRef = 87E2E29E19B53EF30009CEA1 /* iBoardContainerTests.swift */; };
/* End PBXBuildFile section */

/* Begin PBXContainerItemProxy section */
		87E2E29919B53EF30009CEA1 /* PBXContainerItemProxy */ = {
			isa = PBXContainerItemProxy;
			containerPortal = 87E2E28319B53EF30009CEA1 /* Project object */;
			proxyType = 1;
			remoteGlobalIDString = 87E2E28A19B53EF30009CEA1;
			remoteInfo = iBoardContainer;
		};
/* End PBXContainerItemProxy section */

/* Begin PBXFileReference section */
		87E2E28B19B53EF30009CEA1 /* iBoardContainer.app */ = {isa = PBXFileReference; explicitFileType = wrapper.application; includeInIndex = 0; path = iBoardContainer.app; sourceTree = BUILT_PRODUCTS_DIR; };
		87E2E28F19B53EF30009CEA1 /* Info.plist */ = {isa = PBXFileReference; lastKnownFileType = text.plist.xml; path = Info.plist; sourceTree = "<group>"; };
		87E2E29019B53EF30009CEA1 /* AppDelegate.swift */ = {isa = PBXFileReference; lastKnownFileType = sourcecode.swift; path = AppDelegate.swift; sourceTree = "<group>"; };
		87E2E29219B53EF30009CEA1 /* Images.xcassets */ = {isa = PBXFileReference; lastKnownFileType = folder.assetcatalog; path = Images.xcassets; sourceTree = "<group>"; };
		87E2E29819B53EF30009CEA1 /* iBoardContainerTests.xctest */ = {isa = PBXFileReference; explicitFileType = wrapper.cfbundle; includeInIndex = 0; path = iBoardContainerTests.xctest; sourceTree = BUILT_PRODUCTS_DIR; };
		87E2E29D19B53EF30009CEA1 /* Info.plist */ = {isa = PBXFileReference; lastKnownFileType = text.plist.xml; path = Info.plist; sourceTree = "<group>"; };
		87E2E29E19B53EF30009CEA1 /* iBoardContainerTests.swift */ = {isa = PBXFileReference; lastKnownFileType = sourcecode.swift; path = iBoardContainerTests.swift; sourceTree = "<group>"; };
/* End PBXFileReference section */

/* Begin PBXFrameworksBuildPhase section */
		87E2E28819B53EF30009CEA1 /* Frameworks */ = {
			isa = PBXFrameworksBuildPhase;
			buildActionMask = 2147483647;
			files = (
			);
			runOnlyForDeploymentPostprocessing = 0;
		};
		87E2E29519B53EF30009CEA1 /* Frameworks */ = {
			isa = PBXFrameworksBuildPhase;
			buildActionMask = 2147483647;
			files = (
			);
			runOnlyForDeploymentPostprocessing = 0;
		};
/* End PBXFrameworksBuildPhase section */

/* Begin PBXGroup section */
		87E2E28219B53EF30009CEA1 = {
			isa = PBXGroup;
			children = (
				87E2E28D19B53EF30009CEA1 /* iBoardContainer */,
				87E2E29B19B53EF30009CEA1 /* iBoardContainerTests */,
				87E2E28C19B53EF30009CEA1 /* Products */,
			);
			sourceTree = "<group>";
		};
		87E2E28C19B53EF30009CEA1 /* Products */ = {
			isa = PBXGroup;
			children = (
				87E2E28B19B53EF30009CEA1 /* iBoardContainer.app */,
				87E2E29819B53EF30009CEA1 /* iBoardContainerTests.xctest */,
			);
			name = Products;
			sourceTree = "<group>";
		};
		87E2E28D19B53EF30009CEA1 /* iBoardContainer */ = {
			isa = PBXGroup;
			children = (
				87E2E29019B53EF30009CEA1 /* AppDelegate.swift */,
				87E2E29219B53EF30009CEA1 /* Images.xcassets */,
				87E2E28E19B53EF30009CEA1 /* Supporting Files */,
			);
			path = iBoardContainer;
			sourceTree = "<group>";
		};
		87E2E28E19B53EF30009CEA1 /* Supporting Files */ = {
			isa = PBXGroup;
			children = (
				87E2E28F19B53EF30009CEA1 /* Info.plist */,
			);
			name = "Supporting Files";
			sourceTree = "<group>";
		};
		87E2E29B19B53EF30009CEA1 /* iBoardContainerTests */ = {
			isa = PBXGroup;
			children = (
				87E2E29E19B53EF30009CEA1 /* iBoardContainerTests.swift */,
				87E2E29C19B53EF30009CEA1 /* Supporting Files */,
			);
			path = iBoardContainerTests;
			sourceTree = "<group>";
		};
		87E2E29C19B53EF30009CEA1 /* Supporting Files */ = {
			isa = PBXGroup;
			children = (
				87E2E29D19B53EF30009CEA1 /* Info.plist */,
			);
			name = "Supporting Files";
			sourceTree = "<group>";
		};
/* End PBXGroup section */

/* Begin PBXNativeTarget section */
		87E2E28A19B53EF30009CEA1 /* iBoardContainer */ = {
			isa = PBXNativeTarget;
			buildConfigurationList = 87E2E2A219B53EF30009CEA1 /* Build configuration list for PBXNativeTarget "iBoardContainer" */;
			buildPhases = (
				87E2E28719B53EF30009CEA1 /* Sources */,
				87E2E28819B53EF30009CEA1 /* Frameworks */,
				87E2E28919B53EF30009CEA1 /* Resources */,
			);
			buildRules = (
			);
			dependencies = (
			);
			name = iBoardContainer;
			productName = iBoardContainer;
			productReference = 87E2E28B19B53EF30009CEA1 /* iBoardContainer.app */;
			productType = "com.apple.product-type.application";
		};
		87E2E29719B53EF30009CEA1 /* iBoardContainerTests */ = {
			isa = PBXNativeTarget;
			buildConfigurationList = 87E2E2A519B53EF30009CEA1 /* Build configuration list for PBXNativeTarget "iBoardContainerTests" */;
			buildPhases = (
				87E2E29419B53EF30009CEA1 /* Sources */,
				87E2E29519B53EF30009CEA1 /* Frameworks */,
				87E2E29619B53EF30009CEA1 /* Resources */,
			);
			buildRules = (
			);
			dependencies = (
				87E2E29A19B53EF30009CEA1 /* PBXTargetDependency */,
			);
			name = iBoardContainerTests;
			productName = iBoardContainerTests;
			productReference = 87E2E29819B53EF30009CEA1 /* iBoardContainerTests.xctest */;
			productType = "com.apple.product-type.bundle.unit-test";
		};
/* End PBXNativeTarget section */

/* Begin PBXProject section */
		87E2E28319B53EF30009CEA1 /* Project object */ = {
			isa = PBXProject;
			attributes = {
				LastUpgradeCheck = 0600;
				ORGANIZATIONNAME = GG;
				TargetAttributes = {
					87E2E28A19B53EF30009CEA1 = {
						CreatedOnToolsVersion = 6.0;
					};
					87E2E29719B53EF30009CEA1 = {
						CreatedOnToolsVersion = 6.0;
						TestTargetID = 87E2E28A19B53EF30009CEA1;
					};
				};
			};
			buildConfigurationList = 87E2E28619B53EF30009CEA1 /* Build configuration list for PBXProject "iBoardContainer" */;
			compatibilityVersion = "Xcode 3.2";
			developmentRegion = English;
			hasScannedForEncodings = 0;
			knownRegions = (
				en,
			);
			mainGroup = 87E2E28219B53EF30009CEA1;
			productRefGroup = 87E2E28C19B53EF30009CEA1 /* Products */;
			projectDirPath = "";
			projectRoot = "";
			targets = (
				87E2E28A19B53EF30009CEA1 /* iBoardContainer */,
				87E2E29719B53EF30009CEA1 /* iBoardContainerTests */,
			);
		};
/* End PBXProject section */

/* Begin PBXResourcesBuildPhase section */
		87E2E28919B53EF30009CEA1 /* Resources */ = {
			isa = PBXResourcesBuildPhase;
			buildActionMask = 2147483647;
			files = (
				87E2E29319B53EF30009CEA1 /* Images.xcassets in Resources */,
			);
			runOnlyForDeploymentPostprocessing = 0;
		};
		87E2E29619B53EF30009CEA1 /* Resources */ = {
			isa = PBXResourcesBuildPhase;
			buildActionMask = 2147483647;
			files = (
			);
			runOnlyForDeploymentPostprocessing = 0;
		};
/* End PBXResourcesBuildPhase section */

/* Begin PBXSourcesBuildPhase section */
		87E2E28719B53EF30009CEA1 /* Sources */ = {
			isa = PBXSourcesBuildPhase;
			buildActionMask = 2147483647;
			files = (
				87E2E29119B53EF30009CEA1 /* AppDelegate.swift in Sources */,
			);
			runOnlyForDeploymentPostprocessing = 0;
		};
		87E2E29419B53EF30009CEA1 /* Sources */ = {
			isa = PBXSourcesBuildPhase;
			buildActionMask = 2147483647;
			files = (
				87E2E29F19B53EF30009CEA1 /* iBoardContainerTests.swift in Sources */,
			);
			runOnlyForDeploymentPostprocessing = 0;
		};
/* End PBXSourcesBuildPhase section */

/* Begin PBXTargetDependency section */
		87E2E29A19B53EF30009CEA1 /* PBXTargetDependency */ = {
			isa = PBXTargetDependency;
			target = 87E2E28A19B53EF30009CEA1 /* iBoardContainer */;
			targetProxy = 87E2E29919B53EF30009CEA1 /* PBXContainerItemProxy */;
		};
/* End PBXTargetDependency section */

/* Begin XCBuildConfiguration section */
		87E2E2A019B53EF30009CEA1 /* Debug */ = {
			isa = XCBuildConfiguration;
			buildSettings = {
				ALWAYS_SEARCH_USER_PATHS = NO;
				CLANG_CXX_LANGUAGE_STANDARD = "gnu++0x";
				CLANG_CXX_LIBRARY = "libc++";
				CLANG_ENABLE_MODULES = YES;
				CLANG_ENABLE_OBJC_ARC = YES;
				CLANG_WARN_BOOL_CONVERSION = YES;
				CLANG_WARN_CONSTANT_CONVERSION = YES;
				CLANG_WARN_DIRECT_OBJC_ISA_USAGE = YES_ERROR;
				CLANG_WARN_EMPTY_BODY = YES;
				CLANG_WARN_ENUM_CONVERSION = YES;
				CLANG_WARN_INT_CONVERSION = YES;
				CLANG_WARN_OBJC_ROOT_CLASS = YES_ERROR;
				CLANG_WARN_UNREACHABLE_CODE = YES;
				CLANG_WARN__DUPLICATE_METHOD_MATCH = YES;
				"CODE_SIGN_IDENTITY[sdk=iphoneos*]" = "iPhone Developer";
				COPY_PHASE_STRIP = NO;
				ENABLE_STRICT_OBJC_MSGSEND = YES;
				GCC_C_LANGUAGE_STANDARD = gnu99;
				GCC_DYNAMIC_NO_PIC = NO;
				GCC_OPTIMIZATION_LEVEL = 0;
				GCC_PREPROCESSOR_DEFINITIONS = (
					"DEBUG=1",
					"$(inherited)",
				);
				GCC_SYMBOLS_PRIVATE_EXTERN = NO;
				GCC_WARN_64_TO_32_BIT_CONVERSION = YES;
				GCC_WARN_ABOUT_RETURN_TYPE = YES_ERROR;
				GCC_WARN_UNDECLARED_SELECTOR = YES;
				GCC_WARN_UNINITIALIZED_AUTOS = YES_AGGRESSIVE;
				GCC_WARN_UNUSED_FUNCTION = YES;
				GCC_WARN_UNUSED_VARIABLE = YES;
				IPHONEOS_DEPLOYMENT_TARGET = 8.0;
				METAL_ENABLE_DEBUG_INFO = YES;
				ONLY_ACTIVE_ARCH = YES;
				SDKROOT = iphoneos;
				SWIFT_OPTIMIZATION_LEVEL = "-Onone";
			};
			name = Debug;
		};
		87E2E2A119B53EF30009CEA1 /* Release */ = {
			isa = XCBuildConfiguration;
			buildSettings = {
				ALWAYS_SEARCH_USER_PATHS = NO;
				CLANG_CXX_LANGUAGE_STANDARD = "gnu++0x";
				CLANG_CXX_LIBRARY = "libc++";
				CLANG_ENABLE_MODULES = YES;
				CLANG_ENABLE_OBJC_ARC = YES;
				CLANG_WARN_BOOL_CONVERSION = YES;
				CLANG_WARN_CONSTANT_CONVERSION = YES;
				CLANG_WARN_DIRECT_OBJC_ISA_USAGE = YES_ERROR;
				CLANG_WARN_EMPTY_BODY = YES;
				CLANG_WARN_ENUM_CONVERSION = YES;
				CLANG_WARN_INT_CONVERSION = YES;
				CLANG_WARN_OBJC_ROOT_CLASS = YES_ERROR;
				CLANG_WARN_UNREACHABLE_CODE = YES;
				CLANG_WARN__DUPLICATE_METHOD_MATCH = YES;
				"CODE_SIGN_IDENTITY[sdk=iphoneos*]" = "iPhone Developer";
				COPY_PHASE_STRIP = YES;
				ENABLE_NS_ASSERTIONS = NO;
				ENABLE_STRICT_OBJC_MSGSEND = YES;
				GCC_C_LANGUAGE_STANDARD = gnu99;
				GCC_WARN_64_TO_32_BIT_CONVERSION = YES;
				GCC_WARN_ABOUT_RETURN_TYPE = YES_ERROR;
				GCC_WARN_UNDECLARED_SELECTOR = YES;
				GCC_WARN_UNINITIALIZED_AUTOS = YES_AGGRESSIVE;
				GCC_WARN_UNUSED_FUNCTION = YES;
				GCC_WARN_UNUSED_VARIABLE = YES;
				IPHONEOS_DEPLOYMENT_TARGET = 8.0;
				METAL_ENABLE_DEBUG_INFO = NO;
				SDKROOT = iphoneos;
				VALIDATE_PRODUCT = YES;
			};
			name = Release;
		};
		87E2E2A319B53EF30009CEA1 /* Debug */ = {
			isa = XCBuildConfiguration;
			buildSettings = {
				ASSETCATALOG_COMPILER_APPICON_NAME = AppIcon;
				ASSETCATALOG_COMPILER_LAUNCHIMAGE_NAME = LaunchImage;
				INFOPLIST_FILE = iBoardContainer/Info.plist;
				LD_RUNPATH_SEARCH_PATHS = "$(inherited) @executable_path/Frameworks";
				PRODUCT_NAME = "$(TARGET_NAME)";
			};
			name = Debug;
		};
		87E2E2A419B53EF30009CEA1 /* Release */ = {
			isa = XCBuildConfiguration;
			buildSettings = {
				ASSETCATALOG_COMPILER_APPICON_NAME = AppIcon;
				ASSETCATALOG_COMPILER_LAUNCHIMAGE_NAME = LaunchImage;
				INFOPLIST_FILE = iBoardContainer/Info.plist;
				LD_RUNPATH_SEARCH_PATHS = "$(inherited) @executable_path/Frameworks";
				PRODUCT_NAME = "$(TARGET_NAME)";
			};
			name = Release;
		};
		87E2E2A619B53EF30009CEA1 /* Debug */ = {
			isa = XCBuildConfiguration;
			buildSettings = {
				BUNDLE_LOADER = "$(BUILT_PRODUCTS_DIR)/iBoardContainer.app/iBoardContainer";
				FRAMEWORK_SEARCH_PATHS = (
					"$(SDKROOT)/Developer/Library/Frameworks",
					"$(inherited)",
				);
				GCC_PREPROCESSOR_DEFINITIONS = (
					"DEBUG=1",
					"$(inherited)",
				);
				INFOPLIST_FILE = iBoardContainerTests/Info.plist;
				LD_RUNPATH_SEARCH_PATHS = "$(inherited) @executable_path/Frameworks @loader_path/Frameworks";
				METAL_ENABLE_DEBUG_INFO = YES;
				PRODUCT_NAME = "$(TARGET_NAME)";
				TEST_HOST = "$(BUNDLE_LOADER)";
			};
			name = Debug;
		};
		87E2E2A719B53EF30009CEA1 /* Release */ = {
			isa = XCBuildConfiguration;
			buildSettings = {
				BUNDLE_LOADER = "$(BUILT_PRODUCTS_DIR)/iBoardContainer.app/iBoardContainer";
				FRAMEWORK_SEARCH_PATHS = (
					"$(SDKROOT)/Developer/Library/Frameworks",
					"$(inherited)",
				);
				INFOPLIST_FILE = iBoardContainerTests/Info.plist;
				LD_RUNPATH_SEARCH_PATHS = "$(inherited) @executable_path/Frameworks @loader_path/Frameworks";
				METAL_ENABLE_DEBUG_INFO = NO;
				PRODUCT_NAME = "$(TARGET_NAME)";
				TEST_HOST = "$(BUNDLE_LOADER)";
			};
			name = Release;
		};
/* End XCBuildConfiguration section */

/* Begin XCConfigurationList section */
		87E2E28619B53EF30009CEA1 /* Build configuration list for PBXProject "iBoardContainer" */ = {
			isa = XCConfigurationList;
			buildConfigurations = (
				87E2E2A019B53EF30009CEA1 /* Debug */,
				87E2E2A119B53EF30009CEA1 /* Release */,
			);
			defaultConfigurationIsVisible = 0;
			defaultConfigurationName = Release;
		};
		87E2E2A219B53EF30009CEA1 /* Build configuration list for PBXNativeTarget "iBoardContainer" */ = {
			isa = XCConfigurationList;
			buildConfigurations = (
				87E2E2A319B53EF30009CEA1 /* Debug */,
				87E2E2A419B53EF30009CEA1 /* Release */,
			);
			defaultConfigurationIsVisible = 0;
		};
		87E2E2A519B53EF30009CEA1 /* Build configuration list for PBXNativeTarget "iBoardContainerTests" */ = {
			isa = XCConfigurationList;
			buildConfigurations = (
				87E2E2A619B53EF30009CEA1 /* Debug */,
				87E2E2A719B53EF30009CEA1 /* Release */,
			);
			defaultConfigurationIsVisible = 0;
		};
/* End XCConfigurationList section */
	};
	rootObject = 87E2E28319B53EF30009CEA1 /* Project object */;
}
